
Microsoft Visual Studio Solution File, Format Version 12.00
# Visual Studio 15
VisualStudioVersion = 15.0.27130.2036
MinimumVisualStudioVersion = 15.0.27130.2036
Project("{8BC9CEB8-8B4A-11D0-8D11-00A0C91BC942}") = "mpcresources", "src\apps\mpcresources\mpcresources.vcxproj", "{A57CBE1A-3703-4237-950A-FC5F594FDB43}"
EndProject
Global
	GlobalSection(SolutionConfigurationPlatforms) = preSolution
		Release Arabic|amd64 = Release Arabic|amd64	
		Release Armenian|amd64 = Release Armenian|amd64
		Release Basque|amd64 = Release Basque|amd64
		Release Belarusian|amd64 = Release Belarusian|amd64
		Release Bulgarian|amd64 = Release Bulgarian|amd64
		Release Catalan|amd64 = Release Catalan|amd64
		Release Chinese Simplified|amd64 = Release Chinese Simplified|amd64
		Release Chinese Traditional|amd64 = Release Chinese Traditional|amd64
		Release Czech|amd64 = Release Czech|amd64
		Release Croatian|amd64 = Release Croatian|amd64
		Release Dutch|amd64 = Release Dutch|amd64
		Release French|amd64 = Release French|amd64
		Release German|amd64 = Release German|amd64
		Release Greek|amd64 = Release Greek|amd64
		Release Hebrew|amd64 = Release Hebrew|amd64
		Release Hungarian|amd64 = Release Hungarian|amd64
		Release Italian|amd64 = Release Italian|amd64
		Release Japanese|amd64 = Release Japanese|amd64
		Release Korean|amd64 = Release Korean|amd64
		Release Polish|amd64 = Release Polish|amd64
		Release Portuguese|amd64 = Release Portuguese|amd64
		Release Romanian|amd64 = Release Romanian|amd64
		Release Russian|amd64 = Release Russian|amd64
		Release Slovak|amd64 = Release Slovak|amd64
		Release Slovenian|amd64 = Release Slovenian|amd64		
		Release Spanish|amd64 = Release Spanish|amd64
		Release Swedish|amd64 = Release Swedish|amd64
		Release Turkish|amd64 = Release Turkish|amd64
		Release Ukrainian|amd64 = Release Ukrainian|amd64
		Release Vietnamese|amd64 = Release Vietnamese|amd64	
	EndGlobalSection
	GlobalSection(ProjectConfigurationPlatforms) = postSolution
		{A57CBE1A-3703-4237-950A-FC5F594FDB43}.Release Arabic|amd64.ActiveCfg = Release Arabic|amd64
		{A57CBE1A-3703-4237-950A-FC5F594FDB43}.Release Arabic|amd64.Build.0 = Release Arabic|amd64
		{A57CBE1A-3703-4237-950A-FC5F594FDB43}.Release Armenian|amd64.ActiveCfg = Release Armenian|amd64
		{A57CBE1A-3703-4237-950A-FC5F594FDB43}.Release Armenian|amd64.Build.0 = Release Armenian|amd64
		{A57CBE1A-3703-4237-950A-FC5F594FDB43}.Release Basque|amd64.ActiveCfg = Release Basque|amd64
		{A57CBE1A-3703-4237-950A-FC5F594FDB43}.Release Basque|amd64.Build.0 = Release Basque|amd64
		{A57CBE1A-3703-4237-950A-FC5F594FDB43}.Release Belarusian|amd64.ActiveCfg = Release Belarusian|amd64
		{A57CBE1A-3703-4237-950A-FC5F594FDB43}.Release Belarusian|amd64.Build.0 = Release Belarusian|amd64
		{A57CBE1A-3703-4237-950A-FC5F594FDB43}.Release Bulgarian|amd64.ActiveCfg = Release Bulgarian|amd64
		{A57CBE1A-3703-4237-950A-FC5F594FDB43}.Release Bulgarian|amd64.Build.0 = Release Bulgarian|amd64
		{A57CBE1A-3703-4237-950A-FC5F594FDB43}.Release Catalan|amd64.ActiveCfg = Release Catalan|amd64
		{A57CBE1A-3703-4237-950A-FC5F594FDB43}.Release Catalan|amd64.Build.0 = Release Catalan|amd64
		{A57CBE1A-3703-4237-950A-FC5F594FDB43}.Release Chinese Simplified|amd64.ActiveCfg = Release Chinese Simplified|amd64
		{A57CBE1A-3703-4237-950A-FC5F594FDB43}.Release Chinese Simplified|amd64.Build.0 = Release Chinese Simplified|amd64
		{A57CBE1A-3703-4237-950A-FC5F594FDB43}.Release Chinese Traditional|amd64.ActiveCfg = Release Chinese Traditional|amd64
		{A57CBE1A-3703-4237-950A-FC5F594FDB43}.Release Chinese Traditional|amd64.Build.0 = Release Chinese Traditional|amd64
		{A57CBE1A-3703-4237-950A-FC5F594FDB43}.Release Czech|amd64.ActiveCfg = Release Czech|amd64
		{A57CBE1A-3703-4237-950A-FC5F594FDB43}.Release Czech|amd64.Build.0 = Release Czech|amd64
		{A57CBE1A-3703-4237-950A-FC5F594FDB43}.Release Croatian|amd64.ActiveCfg = Release Croatian|amd64
		{A57CBE1A-3703-4237-950A-FC5F594FDB43}.Release Croatian|amd64.Build.0 = Release Croatian|amd64
		{A57CBE1A-3703-4237-950A-FC5F594FDB43}.Release Dutch|amd64.ActiveCfg = Release Dutch|amd64
		{A57CBE1A-3703-4237-950A-FC5F594FDB43}.Release Dutch|amd64.Build.0 = Release Dutch|amd64
		{A57CBE1A-3703-4237-950A-FC5F594FDB43}.Release French|amd64.ActiveCfg = Release French|amd64
		{A57CBE1A-3703-4237-950A-FC5F594FDB43}.Release French|amd64.Build.0 = Release French|amd64
		{A57CBE1A-3703-4237-950A-FC5F594FDB43}.Release German|amd64.ActiveCfg = Release German|amd64
		{A57CBE1A-3703-4237-950A-FC5F594FDB43}.Release German|amd64.Build.0 = Release German|amd64
		{A57CBE1A-3703-4237-950A-FC5F594FDB43}.Release Greek|amd64.ActiveCfg = Release Greek|amd64
		{A57CBE1A-3703-4237-950A-FC5F594FDB43}.Release Greek|amd64.Build.0 = Release Greek|amd64
		{A57CBE1A-3703-4237-950A-FC5F594FDB43}.Release Hebrew|amd64.ActiveCfg = Release Hebrew|amd64
		{A57CBE1A-3703-4237-950A-FC5F594FDB43}.Release Hebrew|amd64.Build.0 = Release Hebrew|amd64
		{A57CBE1A-3703-4237-950A-FC5F594FDB43}.Release Hungarian|amd64.ActiveCfg = Release Hungarian|amd64
		{A57CBE1A-3703-4237-950A-FC5F594FDB43}.Release Hungarian|amd64.Build.0 = Release Hungarian|amd64
		{A57CBE1A-3703-4237-950A-FC5F594FDB43}.Release Italian|amd64.ActiveCfg = Release Italian|amd64
		{A57CBE1A-3703-4237-950A-FC5F594FDB43}.Release Italian|amd64.Build.0 = Release Italian|amd64
		{A57CBE1A-3703-4237-950A-FC5F594FDB43}.Release Japanese|amd64.ActiveCfg = Release Japanese|amd64
		{A57CBE1A-3703-4237-950A-FC5F594FDB43}.Release Japanese|amd64.Build.0 = Release Japanese|amd64
		{A57CBE1A-3703-4237-950A-FC5F594FDB43}.Release Korean|amd64.ActiveCfg = Release Korean|amd64
		{A57CBE1A-3703-4237-950A-FC5F594FDB43}.Release Korean|amd64.Build.0 = Release Korean|amd64
		{A57CBE1A-3703-4237-950A-FC5F594FDB43}.Release Polish|amd64.ActiveCfg = Release Polish|amd64
		{A57CBE1A-3703-4237-950A-FC5F594FDB43}.Release Polish|amd64.Build.0 = Release Polish|amd64
		{A57CBE1A-3703-4237-950A-FC5F594FDB43}.Release Portuguese|amd64.ActiveCfg = Release Portuguese|amd64
		{A57CBE1A-3703-4237-950A-FC5F594FDB43}.Release Portuguese|amd64.Build.0 = Release Portuguese|amd64
		{A57CBE1A-3703-4237-950A-FC5F594FDB43}.Release Romanian|amd64.ActiveCfg = Release Romanian|amd64
		{A57CBE1A-3703-4237-950A-FC5F594FDB43}.Release Romanian|amd64.Build.0 = Release Romanian|amd64
		{A57CBE1A-3703-4237-950A-FC5F594FDB43}.Release Russian|amd64.ActiveCfg = Release Russian|amd64
		{A57CBE1A-3703-4237-950A-FC5F594FDB43}.Release Russian|amd64.Build.0 = Release Russian|amd64
		{A57CBE1A-3703-4237-950A-FC5F594FDB43}.Release Slovak|amd64.ActiveCfg = Release Slovak|amd64
		{A57CBE1A-3703-4237-950A-FC5F594FDB43}.Release Slovak|amd64.Build.0 = Release Slovak|amd64
		{A57CBE1A-3703-4237-950A-FC5F594FDB43}.Release Slovenian|amd64.ActiveCfg = Release Slovenian|amd64
		{A57CBE1A-3703-4237-950A-FC5F594FDB43}.Release Slovenian|amd64.Build.0 = Release Slovenian|amd64
		{A57CBE1A-3703-4237-950A-FC5F594FDB43}.Release Spanish|amd64.ActiveCfg = Release Spanish|amd64
		{A57CBE1A-3703-4237-950A-FC5F594FDB43}.Release Spanish|amd64.Build.0 = Release Spanish|amd64
		{A57CBE1A-3703-4237-950A-FC5F594FDB43}.Release Swedish|amd64.ActiveCfg = Release Swedish|amd64
		{A57CBE1A-3703-4237-950A-FC5F594FDB43}.Release Swedish|amd64.Build.0 = Release Swedish|amd64
		{A57CBE1A-3703-4237-950A-FC5F594FDB43}.Release Turkish|amd64.ActiveCfg = Release Turkish|amd64
		{A57CBE1A-3703-4237-950A-FC5F594FDB43}.Release Turkish|amd64.Build.0 = Release Turkish|amd64
		{A57CBE1A-3703-4237-950A-FC5F594FDB43}.Release Ukrainian|amd64.ActiveCfg = Release Ukrainian|amd64
		{A57CBE1A-3703-4237-950A-FC5F594FDB43}.Release Ukrainian|amd64.Build.0 = Release Ukrainian|amd64
		{A57CBE1A-3703-4237-950A-FC5F594FDB43}.Release Vietnamese|amd64.ActiveCfg = Release Vietnamese|amd64
		{A57CBE1A-3703-4237-950A-FC5F594FDB43}.Release Vietnamese|amd64.Build.0 = Release Vietnamese|amd64
	EndGlobalSection
	GlobalSection(SolutionProperties) = preSolution
		HideSolutionNode = FALSE
	EndGlobalSection
EndGlobal
